Microsoft Visual Studio Solution File, Format Version 12.00
# Visual Studio 2013
VisualStudioVersion = 12.0.40629.0
MinimumVisualStudioVersion = 10.0.40219.1
Project("{FAE04EC0-301F-11D3-BF4B-00C04F79EFBC}") = "OnePassword", "src\OnePassword.csproj", "{5FF4B41B-BB43-419F-B3FD-5E2CD13EC655}"
EndProject
Project("{FAE04EC0-301F-11D3-BF4B-00C04F79EFBC}") = "OnePassword.Test", "test\OnePassword.Test.csproj", "{58C047D0-9700-4745-9D6D-0E681A00D023}"
EndProject
Global
	GlobalSection(SolutionConfigurationPlatforms) = preSolution
		Debug|Any CPU = Debug|Any CPU
		Release|Any CPU = Release|Any CPU
	EndGlobalSection
	GlobalSection(ProjectConfigurationPlatforms) = postSolution
		{5FF4B41B-BB43-419F-B3FD-5E2CD13EC655}.Debug|Any CPU.ActiveCfg = Debug|Any CPU
		{5FF4B41B-BB43-419F-B3FD-5E2CD13EC655}.Debug|Any CPU.Build.0 = Debug|Any CPU
		{5FF4B41B-BB43-419F-B3FD-5E2CD13EC655}.Release|Any CPU.ActiveCfg = Release|Any CPU
		{5FF4B41B-BB43-419F-B3FD-5E2CD13EC655}.Release|Any CPU.Build.0 = Release|Any CPU
		{58C047D0-9700-4745-9D6D-0E681A00D023}.Debug|Any CPU.ActiveCfg = Debug|Any CPU
		{58C047D0-9700-4745-9D6D-0E681A00D023}.Debug|Any CPU.Build.0 = Debug|Any CPU
		{58C047D0-9700-4745-9D6D-0E681A00D023}.Release|Any CPU.ActiveCfg = Release|Any CPU
		{58C047D0-9700-4745-9D6D-0E681A00D023}.Release|Any CPU.Build.0 = Release|Any CPU
	EndGlobalSection
	GlobalSection(SolutionProperties) = preSolution
		HideSolutionNode = FALSE
	EndGlobalSection
EndGlobal
