Microsoft Visual Studio Solution File, Format Version 12.00
# Visual Studio 15
VisualStudioVersion = 15.0.26124.0
MinimumVisualStudioVersion = 15.0.26124.0
Project("{9A19103F-16F7-4668-BE54-9A1E7A4F7556}") = "PasswordManagerAccess", "src\PasswordManagerAccess.csproj", "{F95B5A34-39FD-43B6-BA96-BF9109A60256}"
EndProject
Project("{9A19103F-16F7-4668-BE54-9A1E7A4F7556}") = "PasswordManagerAccess.Test", "test\PasswordManagerAccess.Test.csproj", "{6EB78204-AA5E-4412-8E70-8B51C16680B3}"
EndProject
Project("{2150E333-8FDC-42A3-9474-1A3956D46DE8}") = "example", "example", "{B1C1335E-92A8-4CFB-B755-F8010B9B7272}"
EndProject
Project("{9A19103F-16F7-4668-BE54-9A1E7A4F7556}") = "Common", "example\Common\Common.csproj", "{7085226D-46B5-4B55-9A50-0C2EC51EC862}"
EndProject
Project("{9A19103F-16F7-4668-BE54-9A1E7A4F7556}") = "Bitwarden", "example\Bitwarden\Bitwarden.csproj", "{3876EDAB-58DB-4DAD-90B0-271A244CDE48}"
EndProject
Project("{9A19103F-16F7-4668-BE54-9A1E7A4F7556}") = "ZohoVault", "example\ZohoVault\ZohoVault.csproj", "{04C283BD-9183-4599-9301-6A5B629DB3D7}"
EndProject
Project("{9A19103F-16F7-4668-BE54-9A1E7A4F7556}") = "Dashlane", "example\Dashlane\Dashlane.csproj", "{7A7C8881-D2A7-4C33-9A05-782D27E5C728}"
EndProject
Project("{FAE04EC0-301F-11D3-BF4B-00C04F79EFBC}") = "OnePassword", "example\OnePassword\OnePassword.csproj", "{CC5FD7E9-1988-4CAC-968F-AF070DB16549}"
EndProject
Project("{FAE04EC0-301F-11D3-BF4B-00C04F79EFBC}") = "RoboForm", "example\RoboForm\RoboForm.csproj", "{483AF749-9779-4982-B815-A05FDDA891AC}"
EndProject
Project("{FAE04EC0-301F-11D3-BF4B-00C04F79EFBC}") = "StickyPassword", "example\StickyPassword\StickyPassword.csproj", "{50C2054E-B680-4DCB-B3D2-6EDED1B662F1}"
EndProject
Project("{FAE04EC0-301F-11D3-BF4B-00C04F79EFBC}") = "TrueKey", "example\TrueKey\TrueKey.csproj", "{F72119FA-AC5E-4138-81FA-818EC01B354B}"
EndProject
Project("{FAE04EC0-301F-11D3-BF4B-00C04F79EFBC}") = "LastPass", "example\LastPass\LastPass.csproj", "{3576B7EC-F784-4BDD-9187-9CA210EF77C8}"
EndProject
Project("{FAE04EC0-301F-11D3-BF4B-00C04F79EFBC}") = "OpVault", "example\OpVault\OpVault.csproj", "{EB5FE0D8-94F0-4286-93F1-1EE5A19C165C}"
EndProject
Project("{FAE04EC0-301F-11D3-BF4B-00C04F79EFBC}") = "Kaspersky", "example\Kaspersky\Kaspersky.csproj", "{452F7EF5-E633-48BA-A468-5296E99BA2F8}"
EndProject
Project("{FAE04EC0-301F-11D3-BF4B-00C04F79EFBC}") = "Kdbx", "example\Kdbx\Kdbx.csproj", "{A3DB0B85-EAAC-4D15-8C18-5D7C1BE39943}"
EndProject
Project("{FAE04EC0-301F-11D3-BF4B-00C04F79EFBC}") = "DropboxPasswords", "example\DropboxPasswords\DropboxPasswords.csproj", "{6B144783-FDB3-42FB-9435-35D75EDF0EA6}"
EndProject
Project("{FAE04EC0-301F-11D3-BF4B-00C04F79EFBC}") = "ProtonPass", "example\ProtonPass\ProtonPass.csproj", "{0B4C1E5A-82D9-4C10-B1A6-D0F37F8EBC87}"
EndProject
Project("{FAE04EC0-301F-11D3-BF4B-00C04F79EFBC}") = "ZohoVaultMaui", "example\ZohoVaultMaui\ZohoVaultMaui.csproj", "{0B1A496A-23A5-48C3-80C8-E18613D14E41}"
EndProject
Project("{FAE04EC0-301F-11D3-BF4B-00C04F79EFBC}") = "LastPassMaui", "example\LastPassMaui\LastPassMaui.csproj", "{98B704B4-629F-411A-BF8F-6156174E6E48}"
EndProject
Project("{FAE04EC0-301F-11D3-BF4B-00C04F79EFBC}") = "LastPassAvalonia", "example\LastPassAvalonia\LastPassAvalonia.csproj", "{683E9F33-D8DE-4EAB-A337-54E8A6D97030}"
EndProject
Global
	GlobalSection(SolutionConfigurationPlatforms) = preSolution
		Debug|Any CPU = Debug|Any CPU
		Debug|x64 = Debug|x64
		Debug|x86 = Debug|x86
		Release|Any CPU = Release|Any CPU
		Release|x64 = Release|x64
		Release|x86 = Release|x86
	EndGlobalSection
	GlobalSection(ProjectConfigurationPlatforms) = postSolution
		{F95B5A34-39FD-43B6-BA96-BF9109A60256}.Debug|Any CPU.ActiveCfg = Debug|Any CPU
		{F95B5A34-39FD-43B6-BA96-BF9109A60256}.Debug|Any CPU.Build.0 = Debug|Any CPU
		{F95B5A34-39FD-43B6-BA96-BF9109A60256}.Debug|x64.ActiveCfg = Debug|Any CPU
		{F95B5A34-39FD-43B6-BA96-BF9109A60256}.Debug|x64.Build.0 = Debug|Any CPU
		{F95B5A34-39FD-43B6-BA96-BF9109A60256}.Debug|x86.ActiveCfg = Debug|Any CPU
		{F95B5A34-39FD-43B6-BA96-BF9109A60256}.Debug|x86.Build.0 = Debug|Any CPU
		{F95B5A34-39FD-43B6-BA96-BF9109A60256}.Release|Any CPU.ActiveCfg = Release|Any CPU
		{F95B5A34-39FD-43B6-BA96-BF9109A60256}.Release|Any CPU.Build.0 = Release|Any CPU
		{F95B5A34-39FD-43B6-BA96-BF9109A60256}.Release|x64.ActiveCfg = Release|Any CPU
		{F95B5A34-39FD-43B6-BA96-BF9109A60256}.Release|x64.Build.0 = Release|Any CPU
		{F95B5A34-39FD-43B6-BA96-BF9109A60256}.Release|x86.ActiveCfg = Release|Any CPU
		{F95B5A34-39FD-43B6-BA96-BF9109A60256}.Release|x86.Build.0 = Release|Any CPU
		{6EB78204-AA5E-4412-8E70-8B51C16680B3}.Debug|Any CPU.ActiveCfg = Debug|Any CPU
		{6EB78204-AA5E-4412-8E70-8B51C16680B3}.Debug|Any CPU.Build.0 = Debug|Any CPU
		{6EB78204-AA5E-4412-8E70-8B51C16680B3}.Debug|x64.ActiveCfg = Debug|Any CPU
		{6EB78204-AA5E-4412-8E70-8B51C16680B3}.Debug|x64.Build.0 = Debug|Any CPU
		{6EB78204-AA5E-4412-8E70-8B51C16680B3}.Debug|x86.ActiveCfg = Debug|Any CPU
		{6EB78204-AA5E-4412-8E70-8B51C16680B3}.Debug|x86.Build.0 = Debug|Any CPU
		{6EB78204-AA5E-4412-8E70-8B51C16680B3}.Release|Any CPU.ActiveCfg = Release|Any CPU
		{6EB78204-AA5E-4412-8E70-8B51C16680B3}.Release|Any CPU.Build.0 = Release|Any CPU
		{6EB78204-AA5E-4412-8E70-8B51C16680B3}.Release|x64.ActiveCfg = Release|Any CPU
		{6EB78204-AA5E-4412-8E70-8B51C16680B3}.Release|x64.Build.0 = Release|Any CPU
		{6EB78204-AA5E-4412-8E70-8B51C16680B3}.Release|x86.ActiveCfg = Release|Any CPU
		{6EB78204-AA5E-4412-8E70-8B51C16680B3}.Release|x86.Build.0 = Release|Any CPU
		{7085226D-46B5-4B55-9A50-0C2EC51EC862}.Debug|Any CPU.ActiveCfg = Debug|Any CPU
		{7085226D-46B5-4B55-9A50-0C2EC51EC862}.Debug|Any CPU.Build.0 = Debug|Any CPU
		{7085226D-46B5-4B55-9A50-0C2EC51EC862}.Debug|x64.ActiveCfg = Debug|Any CPU
		{7085226D-46B5-4B55-9A50-0C2EC51EC862}.Debug|x64.Build.0 = Debug|Any CPU
		{7085226D-46B5-4B55-9A50-0C2EC51EC862}.Debug|x86.ActiveCfg = Debug|Any CPU
		{7085226D-46B5-4B55-9A50-0C2EC51EC862}.Debug|x86.Build.0 = Debug|Any CPU
		{7085226D-46B5-4B55-9A50-0C2EC51EC862}.Release|Any CPU.ActiveCfg = Release|Any CPU
		{7085226D-46B5-4B55-9A50-0C2EC51EC862}.Release|Any CPU.Build.0 = Release|Any CPU
		{7085226D-46B5-4B55-9A50-0C2EC51EC862}.Release|x64.ActiveCfg = Release|Any CPU
		{7085226D-46B5-4B55-9A50-0C2EC51EC862}.Release|x64.Build.0 = Release|Any CPU
		{7085226D-46B5-4B55-9A50-0C2EC51EC862}.Release|x86.ActiveCfg = Release|Any CPU
		{7085226D-46B5-4B55-9A50-0C2EC51EC862}.Release|x86.Build.0 = Release|Any CPU
		{3876EDAB-58DB-4DAD-90B0-271A244CDE48}.Debug|Any CPU.ActiveCfg = Debug|Any CPU
		{3876EDAB-58DB-4DAD-90B0-271A244CDE48}.Debug|Any CPU.Build.0 = Debug|Any CPU
		{3876EDAB-58DB-4DAD-90B0-271A244CDE48}.Debug|x64.ActiveCfg = Debug|Any CPU
		{3876EDAB-58DB-4DAD-90B0-271A244CDE48}.Debug|x64.Build.0 = Debug|Any CPU
		{3876EDAB-58DB-4DAD-90B0-271A244CDE48}.Debug|x86.ActiveCfg = Debug|Any CPU
		{3876EDAB-58DB-4DAD-90B0-271A244CDE48}.Debug|x86.Build.0 = Debug|Any CPU
		{3876EDAB-58DB-4DAD-90B0-271A244CDE48}.Release|Any CPU.ActiveCfg = Release|Any CPU
		{3876EDAB-58DB-4DAD-90B0-271A244CDE48}.Release|Any CPU.Build.0 = Release|Any CPU
		{3876EDAB-58DB-4DAD-90B0-271A244CDE48}.Release|x64.ActiveCfg = Release|Any CPU
		{3876EDAB-58DB-4DAD-90B0-271A244CDE48}.Release|x64.Build.0 = Release|Any CPU
		{3876EDAB-58DB-4DAD-90B0-271A244CDE48}.Release|x86.ActiveCfg = Release|Any CPU
		{3876EDAB-58DB-4DAD-90B0-271A244CDE48}.Release|x86.Build.0 = Release|Any CPU
		{04C283BD-9183-4599-9301-6A5B629DB3D7}.Debug|Any CPU.ActiveCfg = Debug|Any CPU
		{04C283BD-9183-4599-9301-6A5B629DB3D7}.Debug|Any CPU.Build.0 = Debug|Any CPU
		{04C283BD-9183-4599-9301-6A5B629DB3D7}.Debug|x64.ActiveCfg = Debug|Any CPU
		{04C283BD-9183-4599-9301-6A5B629DB3D7}.Debug|x64.Build.0 = Debug|Any CPU
		{04C283BD-9183-4599-9301-6A5B629DB3D7}.Debug|x86.ActiveCfg = Debug|Any CPU
		{04C283BD-9183-4599-9301-6A5B629DB3D7}.Debug|x86.Build.0 = Debug|Any CPU
		{04C283BD-9183-4599-9301-6A5B629DB3D7}.Release|Any CPU.ActiveCfg = Release|Any CPU
		{04C283BD-9183-4599-9301-6A5B629DB3D7}.Release|Any CPU.Build.0 = Release|Any CPU
		{04C283BD-9183-4599-9301-6A5B629DB3D7}.Release|x64.ActiveCfg = Release|Any CPU
		{04C283BD-9183-4599-9301-6A5B629DB3D7}.Release|x64.Build.0 = Release|Any CPU
		{04C283BD-9183-4599-9301-6A5B629DB3D7}.Release|x86.ActiveCfg = Release|Any CPU
		{04C283BD-9183-4599-9301-6A5B629DB3D7}.Release|x86.Build.0 = Release|Any CPU
		{7A7C8881-D2A7-4C33-9A05-782D27E5C728}.Debug|Any CPU.ActiveCfg = Debug|Any CPU
		{7A7C8881-D2A7-4C33-9A05-782D27E5C728}.Debug|Any CPU.Build.0 = Debug|Any CPU
		{7A7C8881-D2A7-4C33-9A05-782D27E5C728}.Debug|x64.ActiveCfg = Debug|Any CPU
		{7A7C8881-D2A7-4C33-9A05-782D27E5C728}.Debug|x64.Build.0 = Debug|Any CPU
		{7A7C8881-D2A7-4C33-9A05-782D27E5C728}.Debug|x86.ActiveCfg = Debug|Any CPU
		{7A7C8881-D2A7-4C33-9A05-782D27E5C728}.Debug|x86.Build.0 = Debug|Any CPU
		{7A7C8881-D2A7-4C33-9A05-782D27E5C728}.Release|Any CPU.ActiveCfg = Release|Any CPU
		{7A7C8881-D2A7-4C33-9A05-782D27E5C728}.Release|Any CPU.Build.0 = Release|Any CPU
		{7A7C8881-D2A7-4C33-9A05-782D27E5C728}.Release|x64.ActiveCfg = Release|Any CPU
		{7A7C8881-D2A7-4C33-9A05-782D27E5C728}.Release|x64.Build.0 = Release|Any CPU
		{7A7C8881-D2A7-4C33-9A05-782D27E5C728}.Release|x86.ActiveCfg = Release|Any CPU
		{7A7C8881-D2A7-4C33-9A05-782D27E5C728}.Release|x86.Build.0 = Release|Any CPU
		{CC5FD7E9-1988-4CAC-968F-AF070DB16549}.Debug|Any CPU.ActiveCfg = Debug|Any CPU
		{CC5FD7E9-1988-4CAC-968F-AF070DB16549}.Debug|Any CPU.Build.0 = Debug|Any CPU
		{CC5FD7E9-1988-4CAC-968F-AF070DB16549}.Debug|x64.ActiveCfg = Debug|Any CPU
		{CC5FD7E9-1988-4CAC-968F-AF070DB16549}.Debug|x64.Build.0 = Debug|Any CPU
		{CC5FD7E9-1988-4CAC-968F-AF070DB16549}.Debug|x86.ActiveCfg = Debug|Any CPU
		{CC5FD7E9-1988-4CAC-968F-AF070DB16549}.Debug|x86.Build.0 = Debug|Any CPU
		{CC5FD7E9-1988-4CAC-968F-AF070DB16549}.Release|Any CPU.ActiveCfg = Release|Any CPU
		{CC5FD7E9-1988-4CAC-968F-AF070DB16549}.Release|Any CPU.Build.0 = Release|Any CPU
		{CC5FD7E9-1988-4CAC-968F-AF070DB16549}.Release|x64.ActiveCfg = Release|Any CPU
		{CC5FD7E9-1988-4CAC-968F-AF070DB16549}.Release|x64.Build.0 = Release|Any CPU
		{CC5FD7E9-1988-4CAC-968F-AF070DB16549}.Release|x86.ActiveCfg = Release|Any CPU
		{CC5FD7E9-1988-4CAC-968F-AF070DB16549}.Release|x86.Build.0 = Release|Any CPU
		{483AF749-9779-4982-B815-A05FDDA891AC}.Debug|Any CPU.ActiveCfg = Debug|Any CPU
		{483AF749-9779-4982-B815-A05FDDA891AC}.Debug|Any CPU.Build.0 = Debug|Any CPU
		{483AF749-9779-4982-B815-A05FDDA891AC}.Debug|x64.ActiveCfg = Debug|Any CPU
		{483AF749-9779-4982-B815-A05FDDA891AC}.Debug|x64.Build.0 = Debug|Any CPU
		{483AF749-9779-4982-B815-A05FDDA891AC}.Debug|x86.ActiveCfg = Debug|Any CPU
		{483AF749-9779-4982-B815-A05FDDA891AC}.Debug|x86.Build.0 = Debug|Any CPU
		{483AF749-9779-4982-B815-A05FDDA891AC}.Release|Any CPU.ActiveCfg = Release|Any CPU
		{483AF749-9779-4982-B815-A05FDDA891AC}.Release|Any CPU.Build.0 = Release|Any CPU
		{483AF749-9779-4982-B815-A05FDDA891AC}.Release|x64.ActiveCfg = Release|Any CPU
		{483AF749-9779-4982-B815-A05FDDA891AC}.Release|x64.Build.0 = Release|Any CPU
		{483AF749-9779-4982-B815-A05FDDA891AC}.Release|x86.ActiveCfg = Release|Any CPU
		{483AF749-9779-4982-B815-A05FDDA891AC}.Release|x86.Build.0 = Release|Any CPU
		{50C2054E-B680-4DCB-B3D2-6EDED1B662F1}.Debug|Any CPU.ActiveCfg = Debug|Any CPU
		{50C2054E-B680-4DCB-B3D2-6EDED1B662F1}.Debug|Any CPU.Build.0 = Debug|Any CPU
		{50C2054E-B680-4DCB-B3D2-6EDED1B662F1}.Debug|x64.ActiveCfg = Debug|Any CPU
		{50C2054E-B680-4DCB-B3D2-6EDED1B662F1}.Debug|x64.Build.0 = Debug|Any CPU
		{50C2054E-B680-4DCB-B3D2-6EDED1B662F1}.Debug|x86.ActiveCfg = Debug|Any CPU
		{50C2054E-B680-4DCB-B3D2-6EDED1B662F1}.Debug|x86.Build.0 = Debug|Any CPU
		{50C2054E-B680-4DCB-B3D2-6EDED1B662F1}.Release|Any CPU.ActiveCfg = Release|Any CPU
		{50C2054E-B680-4DCB-B3D2-6EDED1B662F1}.Release|Any CPU.Build.0 = Release|Any CPU
		{50C2054E-B680-4DCB-B3D2-6EDED1B662F1}.Release|x64.ActiveCfg = Release|Any CPU
		{50C2054E-B680-4DCB-B3D2-6EDED1B662F1}.Release|x64.Build.0 = Release|Any CPU
		{50C2054E-B680-4DCB-B3D2-6EDED1B662F1}.Release|x86.ActiveCfg = Release|Any CPU
		{50C2054E-B680-4DCB-B3D2-6EDED1B662F1}.Release|x86.Build.0 = Release|Any CPU
		{F72119FA-AC5E-4138-81FA-818EC01B354B}.Debug|Any CPU.ActiveCfg = Debug|Any CPU
		{F72119FA-AC5E-4138-81FA-818EC01B354B}.Debug|Any CPU.Build.0 = Debug|Any CPU
		{F72119FA-AC5E-4138-81FA-818EC01B354B}.Debug|x64.ActiveCfg = Debug|Any CPU
		{F72119FA-AC5E-4138-81FA-818EC01B354B}.Debug|x64.Build.0 = Debug|Any CPU
		{F72119FA-AC5E-4138-81FA-818EC01B354B}.Debug|x86.ActiveCfg = Debug|Any CPU
		{F72119FA-AC5E-4138-81FA-818EC01B354B}.Debug|x86.Build.0 = Debug|Any CPU
		{F72119FA-AC5E-4138-81FA-818EC01B354B}.Release|Any CPU.ActiveCfg = Release|Any CPU
		{F72119FA-AC5E-4138-81FA-818EC01B354B}.Release|Any CPU.Build.0 = Release|Any CPU
		{F72119FA-AC5E-4138-81FA-818EC01B354B}.Release|x64.ActiveCfg = Release|Any CPU
		{F72119FA-AC5E-4138-81FA-818EC01B354B}.Release|x64.Build.0 = Release|Any CPU
		{F72119FA-AC5E-4138-81FA-818EC01B354B}.Release|x86.ActiveCfg = Release|Any CPU
		{F72119FA-AC5E-4138-81FA-818EC01B354B}.Release|x86.Build.0 = Release|Any CPU
		{3576B7EC-F784-4BDD-9187-9CA210EF77C8}.Debug|Any CPU.ActiveCfg = Debug|Any CPU
		{3576B7EC-F784-4BDD-9187-9CA210EF77C8}.Debug|Any CPU.Build.0 = Debug|Any CPU
		{3576B7EC-F784-4BDD-9187-9CA210EF77C8}.Debug|x64.ActiveCfg = Debug|Any CPU
		{3576B7EC-F784-4BDD-9187-9CA210EF77C8}.Debug|x64.Build.0 = Debug|Any CPU
		{3576B7EC-F784-4BDD-9187-9CA210EF77C8}.Debug|x86.ActiveCfg = Debug|Any CPU
		{3576B7EC-F784-4BDD-9187-9CA210EF77C8}.Debug|x86.Build.0 = Debug|Any CPU
		{3576B7EC-F784-4BDD-9187-9CA210EF77C8}.Release|Any CPU.ActiveCfg = Release|Any CPU
		{3576B7EC-F784-4BDD-9187-9CA210EF77C8}.Release|Any CPU.Build.0 = Release|Any CPU
		{3576B7EC-F784-4BDD-9187-9CA210EF77C8}.Release|x64.ActiveCfg = Release|Any CPU
		{3576B7EC-F784-4BDD-9187-9CA210EF77C8}.Release|x64.Build.0 = Release|Any CPU
		{3576B7EC-F784-4BDD-9187-9CA210EF77C8}.Release|x86.ActiveCfg = Release|Any CPU
		{3576B7EC-F784-4BDD-9187-9CA210EF77C8}.Release|x86.Build.0 = Release|Any CPU
		{EB5FE0D8-94F0-4286-93F1-1EE5A19C165C}.Debug|Any CPU.ActiveCfg = Debug|Any CPU
		{EB5FE0D8-94F0-4286-93F1-1EE5A19C165C}.Debug|Any CPU.Build.0 = Debug|Any CPU
		{EB5FE0D8-94F0-4286-93F1-1EE5A19C165C}.Debug|x64.ActiveCfg = Debug|Any CPU
		{EB5FE0D8-94F0-4286-93F1-1EE5A19C165C}.Debug|x64.Build.0 = Debug|Any CPU
		{EB5FE0D8-94F0-4286-93F1-1EE5A19C165C}.Debug|x86.ActiveCfg = Debug|Any CPU
		{EB5FE0D8-94F0-4286-93F1-1EE5A19C165C}.Debug|x86.Build.0 = Debug|Any CPU
		{EB5FE0D8-94F0-4286-93F1-1EE5A19C165C}.Release|Any CPU.ActiveCfg = Release|Any CPU
		{EB5FE0D8-94F0-4286-93F1-1EE5A19C165C}.Release|Any CPU.Build.0 = Release|Any CPU
		{EB5FE0D8-94F0-4286-93F1-1EE5A19C165C}.Release|x64.ActiveCfg = Release|Any CPU
		{EB5FE0D8-94F0-4286-93F1-1EE5A19C165C}.Release|x64.Build.0 = Release|Any CPU
		{EB5FE0D8-94F0-4286-93F1-1EE5A19C165C}.Release|x86.ActiveCfg = Release|Any CPU
		{EB5FE0D8-94F0-4286-93F1-1EE5A19C165C}.Release|x86.Build.0 = Release|Any CPU
		{452F7EF5-E633-48BA-A468-5296E99BA2F8}.Debug|Any CPU.ActiveCfg = Debug|Any CPU
		{452F7EF5-E633-48BA-A468-5296E99BA2F8}.Debug|Any CPU.Build.0 = Debug|Any CPU
		{452F7EF5-E633-48BA-A468-5296E99BA2F8}.Debug|x64.ActiveCfg = Debug|Any CPU
		{452F7EF5-E633-48BA-A468-5296E99BA2F8}.Debug|x64.Build.0 = Debug|Any CPU
		{452F7EF5-E633-48BA-A468-5296E99BA2F8}.Debug|x86.ActiveCfg = Debug|Any CPU
		{452F7EF5-E633-48BA-A468-5296E99BA2F8}.Debug|x86.Build.0 = Debug|Any CPU
		{452F7EF5-E633-48BA-A468-5296E99BA2F8}.Release|Any CPU.ActiveCfg = Release|Any CPU
		{452F7EF5-E633-48BA-A468-5296E99BA2F8}.Release|Any CPU.Build.0 = Release|Any CPU
		{452F7EF5-E633-48BA-A468-5296E99BA2F8}.Release|x64.ActiveCfg = Release|Any CPU
		{452F7EF5-E633-48BA-A468-5296E99BA2F8}.Release|x64.Build.0 = Release|Any CPU
		{452F7EF5-E633-48BA-A468-5296E99BA2F8}.Release|x86.ActiveCfg = Release|Any CPU
		{452F7EF5-E633-48BA-A468-5296E99BA2F8}.Release|x86.Build.0 = Release|Any CPU
		{A3DB0B85-EAAC-4D15-8C18-5D7C1BE39943}.Debug|Any CPU.ActiveCfg = Debug|Any CPU
		{A3DB0B85-EAAC-4D15-8C18-5D7C1BE39943}.Debug|Any CPU.Build.0 = Debug|Any CPU
		{A3DB0B85-EAAC-4D15-8C18-5D7C1BE39943}.Debug|x64.ActiveCfg = Debug|Any CPU
		{A3DB0B85-EAAC-4D15-8C18-5D7C1BE39943}.Debug|x64.Build.0 = Debug|Any CPU
		{A3DB0B85-EAAC-4D15-8C18-5D7C1BE39943}.Debug|x86.ActiveCfg = Debug|Any CPU
		{A3DB0B85-EAAC-4D15-8C18-5D7C1BE39943}.Debug|x86.Build.0 = Debug|Any CPU
		{A3DB0B85-EAAC-4D15-8C18-5D7C1BE39943}.Release|Any CPU.ActiveCfg = Release|Any CPU
		{A3DB0B85-EAAC-4D15-8C18-5D7C1BE39943}.Release|Any CPU.Build.0 = Release|Any CPU
		{A3DB0B85-EAAC-4D15-8C18-5D7C1BE39943}.Release|x64.ActiveCfg = Release|Any CPU
		{A3DB0B85-EAAC-4D15-8C18-5D7C1BE39943}.Release|x64.Build.0 = Release|Any CPU
		{A3DB0B85-EAAC-4D15-8C18-5D7C1BE39943}.Release|x86.ActiveCfg = Release|Any CPU
		{A3DB0B85-EAAC-4D15-8C18-5D7C1BE39943}.Release|x86.Build.0 = Release|Any CPU
		{6B144783-FDB3-42FB-9435-35D75EDF0EA6}.Debug|Any CPU.ActiveCfg = Debug|Any CPU
		{6B144783-FDB3-42FB-9435-35D75EDF0EA6}.Debug|Any CPU.Build.0 = Debug|Any CPU
		{6B144783-FDB3-42FB-9435-35D75EDF0EA6}.Debug|x64.ActiveCfg = Debug|Any CPU
		{6B144783-FDB3-42FB-9435-35D75EDF0EA6}.Debug|x64.Build.0 = Debug|Any CPU
		{6B144783-FDB3-42FB-9435-35D75EDF0EA6}.Debug|x86.ActiveCfg = Debug|Any CPU
		{6B144783-FDB3-42FB-9435-35D75EDF0EA6}.Debug|x86.Build.0 = Debug|Any CPU
		{6B144783-FDB3-42FB-9435-35D75EDF0EA6}.Release|Any CPU.ActiveCfg = Release|Any CPU
		{6B144783-FDB3-42FB-9435-35D75EDF0EA6}.Release|Any CPU.Build.0 = Release|Any CPU
		{6B144783-FDB3-42FB-9435-35D75EDF0EA6}.Release|x64.ActiveCfg = Release|Any CPU
		{6B144783-FDB3-42FB-9435-35D75EDF0EA6}.Release|x64.Build.0 = Release|Any CPU
		{6B144783-FDB3-42FB-9435-35D75EDF0EA6}.Release|x86.ActiveCfg = Release|Any CPU
		{6B144783-FDB3-42FB-9435-35D75EDF0EA6}.Release|x86.Build.0 = Release|Any CPU
		{0B4C1E5A-82D9-4C10-B1A6-D0F37F8EBC87}.Debug|Any CPU.ActiveCfg = Debug|Any CPU
		{0B4C1E5A-82D9-4C10-B1A6-D0F37F8EBC87}.Debug|Any CPU.Build.0 = Debug|Any CPU
		{0B4C1E5A-82D9-4C10-B1A6-D0F37F8EBC87}.Debug|x64.ActiveCfg = Debug|Any CPU
		{0B4C1E5A-82D9-4C10-B1A6-D0F37F8EBC87}.Debug|x64.Build.0 = Debug|Any CPU
		{0B4C1E5A-82D9-4C10-B1A6-D0F37F8EBC87}.Debug|x86.ActiveCfg = Debug|Any CPU
		{0B4C1E5A-82D9-4C10-B1A6-D0F37F8EBC87}.Debug|x86.Build.0 = Debug|Any CPU
		{0B4C1E5A-82D9-4C10-B1A6-D0F37F8EBC87}.Release|Any CPU.ActiveCfg = Release|Any CPU
		{0B4C1E5A-82D9-4C10-B1A6-D0F37F8EBC87}.Release|Any CPU.Build.0 = Release|Any CPU
		{0B4C1E5A-82D9-4C10-B1A6-D0F37F8EBC87}.Release|x64.ActiveCfg = Release|Any CPU
		{0B4C1E5A-82D9-4C10-B1A6-D0F37F8EBC87}.Release|x64.Build.0 = Release|Any CPU
		{0B4C1E5A-82D9-4C10-B1A6-D0F37F8EBC87}.Release|x86.ActiveCfg = Release|Any CPU
		{0B4C1E5A-82D9-4C10-B1A6-D0F37F8EBC87}.Release|x86.Build.0 = Release|Any CPU
		{0B1A496A-23A5-48C3-80C8-E18613D14E41}.Debug|Any CPU.ActiveCfg = Debug|Any CPU
		{0B1A496A-23A5-48C3-80C8-E18613D14E41}.Debug|Any CPU.Build.0 = Debug|Any CPU
		{0B1A496A-23A5-48C3-80C8-E18613D14E41}.Debug|x64.ActiveCfg = Debug|Any CPU
		{0B1A496A-23A5-48C3-80C8-E18613D14E41}.Debug|x64.Build.0 = Debug|Any CPU
		{0B1A496A-23A5-48C3-80C8-E18613D14E41}.Debug|x86.ActiveCfg = Debug|Any CPU
		{0B1A496A-23A5-48C3-80C8-E18613D14E41}.Debug|x86.Build.0 = Debug|Any CPU
		{0B1A496A-23A5-48C3-80C8-E18613D14E41}.Release|Any CPU.ActiveCfg = Release|Any CPU
		{0B1A496A-23A5-48C3-80C8-E18613D14E41}.Release|Any CPU.Build.0 = Release|Any CPU
		{0B1A496A-23A5-48C3-80C8-E18613D14E41}.Release|x64.ActiveCfg = Release|Any CPU
		{0B1A496A-23A5-48C3-80C8-E18613D14E41}.Release|x64.Build.0 = Release|Any CPU
		{0B1A496A-23A5-48C3-80C8-E18613D14E41}.Release|x86.ActiveCfg = Release|Any CPU
		{0B1A496A-23A5-48C3-80C8-E18613D14E41}.Release|x86.Build.0 = Release|Any CPU
		{98B704B4-629F-411A-BF8F-6156174E6E48}.Debug|Any CPU.ActiveCfg = Debug|Any CPU
		{98B704B4-629F-411A-BF8F-6156174E6E48}.Debug|Any CPU.Build.0 = Debug|Any CPU
		{98B704B4-629F-411A-BF8F-6156174E6E48}.Debug|x64.ActiveCfg = Debug|Any CPU
		{98B704B4-629F-411A-BF8F-6156174E6E48}.Debug|x64.Build.0 = Debug|Any CPU
		{98B704B4-629F-411A-BF8F-6156174E6E48}.Debug|x86.ActiveCfg = Debug|Any CPU
		{98B704B4-629F-411A-BF8F-6156174E6E48}.Debug|x86.Build.0 = Debug|Any CPU
		{98B704B4-629F-411A-BF8F-6156174E6E48}.Release|Any CPU.ActiveCfg = Release|Any CPU
		{98B704B4-629F-411A-BF8F-6156174E6E48}.Release|Any CPU.Build.0 = Release|Any CPU
		{98B704B4-629F-411A-BF8F-6156174E6E48}.Release|x64.ActiveCfg = Release|Any CPU
		{98B704B4-629F-411A-BF8F-6156174E6E48}.Release|x64.Build.0 = Release|Any CPU
		{98B704B4-629F-411A-BF8F-6156174E6E48}.Release|x86.ActiveCfg = Release|Any CPU
		{98B704B4-629F-411A-BF8F-6156174E6E48}.Release|x86.Build.0 = Release|Any CPU
		{683E9F33-D8DE-4EAB-A337-54E8A6D97030}.Debug|Any CPU.ActiveCfg = Debug|Any CPU
		{683E9F33-D8DE-4EAB-A337-54E8A6D97030}.Debug|Any CPU.Build.0 = Debug|Any CPU
		{683E9F33-D8DE-4EAB-A337-54E8A6D97030}.Debug|x64.ActiveCfg = Debug|Any CPU
		{683E9F33-D8DE-4EAB-A337-54E8A6D97030}.Debug|x64.Build.0 = Debug|Any CPU
		{683E9F33-D8DE-4EAB-A337-54E8A6D97030}.Debug|x86.ActiveCfg = Debug|Any CPU
		{683E9F33-D8DE-4EAB-A337-54E8A6D97030}.Debug|x86.Build.0 = Debug|Any CPU
		{683E9F33-D8DE-4EAB-A337-54E8A6D97030}.Release|Any CPU.ActiveCfg = Release|Any CPU
		{683E9F33-D8DE-4EAB-A337-54E8A6D97030}.Release|Any CPU.Build.0 = Release|Any CPU
		{683E9F33-D8DE-4EAB-A337-54E8A6D97030}.Release|x64.ActiveCfg = Release|Any CPU
		{683E9F33-D8DE-4EAB-A337-54E8A6D97030}.Release|x64.Build.0 = Release|Any CPU
		{683E9F33-D8DE-4EAB-A337-54E8A6D97030}.Release|x86.ActiveCfg = Release|Any CPU
		{683E9F33-D8DE-4EAB-A337-54E8A6D97030}.Release|x86.Build.0 = Release|Any CPU
	EndGlobalSection
	GlobalSection(SolutionProperties) = preSolution
		HideSolutionNode = FALSE
	EndGlobalSection
	GlobalSection(NestedProjects) = preSolution
		{7085226D-46B5-4B55-9A50-0C2EC51EC862} = {B1C1335E-92A8-4CFB-B755-F8010B9B7272}
		{3876EDAB-58DB-4DAD-90B0-271A244CDE48} = {B1C1335E-92A8-4CFB-B755-F8010B9B7272}
		{04C283BD-9183-4599-9301-6A5B629DB3D7} = {B1C1335E-92A8-4CFB-B755-F8010B9B7272}
		{7A7C8881-D2A7-4C33-9A05-782D27E5C728} = {B1C1335E-92A8-4CFB-B755-F8010B9B7272}
		{CC5FD7E9-1988-4CAC-968F-AF070DB16549} = {B1C1335E-92A8-4CFB-B755-F8010B9B7272}
		{483AF749-9779-4982-B815-A05FDDA891AC} = {B1C1335E-92A8-4CFB-B755-F8010B9B7272}
		{50C2054E-B680-4DCB-B3D2-6EDED1B662F1} = {B1C1335E-92A8-4CFB-B755-F8010B9B7272}
		{F72119FA-AC5E-4138-81FA-818EC01B354B} = {B1C1335E-92A8-4CFB-B755-F8010B9B7272}
		{3576B7EC-F784-4BDD-9187-9CA210EF77C8} = {B1C1335E-92A8-4CFB-B755-F8010B9B7272}
		{EB5FE0D8-94F0-4286-93F1-1EE5A19C165C} = {B1C1335E-92A8-4CFB-B755-F8010B9B7272}
		{452F7EF5-E633-48BA-A468-5296E99BA2F8} = {B1C1335E-92A8-4CFB-B755-F8010B9B7272}
		{A3DB0B85-EAAC-4D15-8C18-5D7C1BE39943} = {B1C1335E-92A8-4CFB-B755-F8010B9B7272}
		{6B144783-FDB3-42FB-9435-35D75EDF0EA6} = {B1C1335E-92A8-4CFB-B755-F8010B9B7272}
		{0B4C1E5A-82D9-4C10-B1A6-D0F37F8EBC87} = {B1C1335E-92A8-4CFB-B755-F8010B9B7272}
		{0B1A496A-23A5-48C3-80C8-E18613D14E41} = {B1C1335E-92A8-4CFB-B755-F8010B9B7272}
		{98B704B4-629F-411A-BF8F-6156174E6E48} = {B1C1335E-92A8-4CFB-B755-F8010B9B7272}
		{683E9F33-D8DE-4EAB-A337-54E8A6D97030} = {B1C1335E-92A8-4CFB-B755-F8010B9B7272}
	EndGlobalSection
	GlobalSection(ExtensibilityGlobals) = postSolution
		SolutionGuid = {8D394F66-9C96-480E-9F3E-8160DC7C9EB8}
	EndGlobalSection
EndGlobal
