Microsoft Visual Studio Solution File, Format Version 12.00
# Visual Studio 2013
VisualStudioVersion = 12.0.40629.0
MinimumVisualStudioVersion = 10.0.40219.1
Project("{FAE04EC0-301F-11D3-BF4B-00C04F79EFBC}") = "RoboForm", "src\RoboForm.csproj", "{4D3F2457-089A-4636-ACD0-2EE07D0F7B3D}"
EndProject
Project("{FAE04EC0-301F-11D3-BF4B-00C04F79EFBC}") = "RoboForm.Test", "test\RoboForm.Test.csproj", "{B8385A1D-1774-4696-8CDF-CD6FF37E8380}"
EndProject
Global
	GlobalSection(SolutionConfigurationPlatforms) = preSolution
		Debug|Any CPU = Debug|Any CPU
		Release|Any CPU = Release|Any CPU
	EndGlobalSection
	GlobalSection(ProjectConfigurationPlatforms) = postSolution
		{4D3F2457-089A-4636-ACD0-2EE07D0F7B3D}.Debug|Any CPU.ActiveCfg = Debug|Any CPU
		{4D3F2457-089A-4636-ACD0-2EE07D0F7B3D}.Debug|Any CPU.Build.0 = Debug|Any CPU
		{4D3F2457-089A-4636-ACD0-2EE07D0F7B3D}.Release|Any CPU.ActiveCfg = Release|Any CPU
		{4D3F2457-089A-4636-ACD0-2EE07D0F7B3D}.Release|Any CPU.Build.0 = Release|Any CPU
		{B8385A1D-1774-4696-8CDF-CD6FF37E8380}.Debug|Any CPU.ActiveCfg = Debug|Any CPU
		{B8385A1D-1774-4696-8CDF-CD6FF37E8380}.Debug|Any CPU.Build.0 = Debug|Any CPU
		{B8385A1D-1774-4696-8CDF-CD6FF37E8380}.Release|Any CPU.ActiveCfg = Release|Any CPU
		{B8385A1D-1774-4696-8CDF-CD6FF37E8380}.Release|Any CPU.Build.0 = Release|Any CPU
	EndGlobalSection
	GlobalSection(SolutionProperties) = preSolution
		HideSolutionNode = FALSE
	EndGlobalSection
EndGlobal
