Microsoft Visual Studio Solution File, Format Version 12.00
# Visual Studio 2013
VisualStudioVersion = 12.0.40629.0
MinimumVisualStudioVersion = 10.0.40219.1
Project("{FAE04EC0-301F-11D3-BF4B-00C04F79EFBC}") = "OPVault", "src\OPVault.csproj", "{788BB3AC-35B3-43C5-92E8-DE632BA2C21D}"
EndProject
Project("{FAE04EC0-301F-11D3-BF4B-00C04F79EFBC}") = "OPVault.Test", "test\OPVault.Test.csproj", "{F5ED2146-889E-429A-BED7-390B3E3A76C9}"
EndProject
Global
	GlobalSection(SolutionConfigurationPlatforms) = preSolution
		Debug|Any CPU = Debug|Any CPU
		Release|Any CPU = Release|Any CPU
	EndGlobalSection
	GlobalSection(ProjectConfigurationPlatforms) = postSolution
		{788BB3AC-35B3-43C5-92E8-DE632BA2C21D}.Debug|Any CPU.ActiveCfg = Debug|Any CPU
		{788BB3AC-35B3-43C5-92E8-DE632BA2C21D}.Debug|Any CPU.Build.0 = Debug|Any CPU
		{788BB3AC-35B3-43C5-92E8-DE632BA2C21D}.Release|Any CPU.ActiveCfg = Release|Any CPU
		{788BB3AC-35B3-43C5-92E8-DE632BA2C21D}.Release|Any CPU.Build.0 = Release|Any CPU
		{F5ED2146-889E-429A-BED7-390B3E3A76C9}.Debug|Any CPU.ActiveCfg = Debug|Any CPU
		{F5ED2146-889E-429A-BED7-390B3E3A76C9}.Debug|Any CPU.Build.0 = Debug|Any CPU
		{F5ED2146-889E-429A-BED7-390B3E3A76C9}.Release|Any CPU.ActiveCfg = Release|Any CPU
		{F5ED2146-889E-429A-BED7-390B3E3A76C9}.Release|Any CPU.Build.0 = Release|Any CPU
	EndGlobalSection
	GlobalSection(SolutionProperties) = preSolution
		HideSolutionNode = FALSE
	EndGlobalSection
EndGlobal
