Microsoft Visual Studio Solution File, Format Version 12.00
# Visual Studio 2013
VisualStudioVersion = 12.0.40629.0
MinimumVisualStudioVersion = 10.0.40219.1
Project("{FAE04EC0-301F-11D3-BF4B-00C04F79EFBC}") = "TrueKey", "src\TrueKey.csproj", "{3D635231-43D8-4B29-929E-87FE2F5A966D}"
EndProject
Project("{FAE04EC0-301F-11D3-BF4B-00C04F79EFBC}") = "TrueKey.Test", "test\TrueKey.Test.csproj", "{9B1EB45D-C1D1-4FEB-9FE4-96BAF05C5A36}"
EndProject
Project("{FAE04EC0-301F-11D3-BF4B-00C04F79EFBC}") = "Example", "example\Example.csproj", "{BFD202A1-1C8A-46BB-AF94-CC18EB3C064E}"
EndProject
Global
	GlobalSection(SolutionConfigurationPlatforms) = preSolution
		Debug|Any CPU = Debug|Any CPU
		Release|Any CPU = Release|Any CPU
	EndGlobalSection
	GlobalSection(ProjectConfigurationPlatforms) = postSolution
		{3D635231-43D8-4B29-929E-87FE2F5A966D}.Debug|Any CPU.ActiveCfg = Debug|Any CPU
		{3D635231-43D8-4B29-929E-87FE2F5A966D}.Debug|Any CPU.Build.0 = Debug|Any CPU
		{3D635231-43D8-4B29-929E-87FE2F5A966D}.Release|Any CPU.ActiveCfg = Release|Any CPU
		{3D635231-43D8-4B29-929E-87FE2F5A966D}.Release|Any CPU.Build.0 = Release|Any CPU
		{9B1EB45D-C1D1-4FEB-9FE4-96BAF05C5A36}.Debug|Any CPU.ActiveCfg = Debug|Any CPU
		{9B1EB45D-C1D1-4FEB-9FE4-96BAF05C5A36}.Debug|Any CPU.Build.0 = Debug|Any CPU
		{9B1EB45D-C1D1-4FEB-9FE4-96BAF05C5A36}.Release|Any CPU.ActiveCfg = Release|Any CPU
		{9B1EB45D-C1D1-4FEB-9FE4-96BAF05C5A36}.Release|Any CPU.Build.0 = Release|Any CPU
		{BFD202A1-1C8A-46BB-AF94-CC18EB3C064E}.Debug|Any CPU.ActiveCfg = Debug|Any CPU
		{BFD202A1-1C8A-46BB-AF94-CC18EB3C064E}.Debug|Any CPU.Build.0 = Debug|Any CPU
		{BFD202A1-1C8A-46BB-AF94-CC18EB3C064E}.Release|Any CPU.ActiveCfg = Release|Any CPU
		{BFD202A1-1C8A-46BB-AF94-CC18EB3C064E}.Release|Any CPU.Build.0 = Release|Any CPU
	EndGlobalSection
	GlobalSection(SolutionProperties) = preSolution
		HideSolutionNode = FALSE
	EndGlobalSection
EndGlobal
