Microsoft Visual Studio Solution File, Format Version 12.00
# Visual Studio 2013
VisualStudioVersion = 12.0.40629.0
MinimumVisualStudioVersion = 10.0.40219.1
Project("{FAE04EC0-301F-11D3-BF4B-00C04F79EFBC}") = "StickyPassword", "src\StickyPassword.csproj", "{FD24B363-1F32-4EC9-8EA2-F82E2634541C}"
EndProject
Project("{FAE04EC0-301F-11D3-BF4B-00C04F79EFBC}") = "StickyPassword.Test", "test\StickyPassword.Test.csproj", "{4D0B5F92-35FA-48B4-9D78-0C8CC8016325}"
EndProject
Global
	GlobalSection(SolutionConfigurationPlatforms) = preSolution
		Debug|Any CPU = Debug|Any CPU
		Release|Any CPU = Release|Any CPU
	EndGlobalSection
	GlobalSection(ProjectConfigurationPlatforms) = postSolution
		{FD24B363-1F32-4EC9-8EA2-F82E2634541C}.Debug|Any CPU.ActiveCfg = Debug|Any CPU
		{FD24B363-1F32-4EC9-8EA2-F82E2634541C}.Debug|Any CPU.Build.0 = Debug|Any CPU
		{FD24B363-1F32-4EC9-8EA2-F82E2634541C}.Release|Any CPU.ActiveCfg = Release|Any CPU
		{FD24B363-1F32-4EC9-8EA2-F82E2634541C}.Release|Any CPU.Build.0 = Release|Any CPU
		{4D0B5F92-35FA-48B4-9D78-0C8CC8016325}.Debug|Any CPU.ActiveCfg = Debug|Any CPU
		{4D0B5F92-35FA-48B4-9D78-0C8CC8016325}.Debug|Any CPU.Build.0 = Debug|Any CPU
		{4D0B5F92-35FA-48B4-9D78-0C8CC8016325}.Release|Any CPU.ActiveCfg = Release|Any CPU
		{4D0B5F92-35FA-48B4-9D78-0C8CC8016325}.Release|Any CPU.Build.0 = Release|Any CPU
	EndGlobalSection
	GlobalSection(SolutionProperties) = preSolution
		HideSolutionNode = FALSE
	EndGlobalSection
EndGlobal
