Microsoft Visual Studio Solution File, Format Version 11.00
# Visual Studio 2010
Project("{FAE04EC0-301F-11D3-BF4B-00C04F79EFBC}") = "PasswordBox", "src\PasswordBox.csproj", "{982278D2-5BBA-4383-BAC1-E7D0DC301A37}"
EndProject
Project("{FAE04EC0-301F-11D3-BF4B-00C04F79EFBC}") = "PasswordBox.Test", "test\PasswordBox.Test.csproj", "{83507DC8-AE31-4799-B169-149562B87C7E}"
EndProject
Project("{2150E333-8FDC-42A3-9474-1A3956D46DE8}") = ".nuget", ".nuget", "{D4391614-2AF4-4085-BC69-FF1A180DE05F}"
	ProjectSection(SolutionItems) = preProject
		.nuget\NuGet.Config = .nuget\NuGet.Config
		.nuget\NuGet.targets = .nuget\NuGet.targets
		.nuget\packages.config = .nuget\packages.config
	EndProjectSection
EndProject
Project("{FAE04EC0-301F-11D3-BF4B-00C04F79EFBC}") = "Example", "example\Example.csproj", "{22FD931A-820F-4EEF-BB3A-3EFFE7E6F759}"
EndProject
Global
	GlobalSection(SolutionConfigurationPlatforms) = preSolution
		Debug|Any CPU = Debug|Any CPU
		Debug|Mixed Platforms = Debug|Mixed Platforms
		Debug|x86 = Debug|x86
		Release|Any CPU = Release|Any CPU
		Release|Mixed Platforms = Release|Mixed Platforms
		Release|x86 = Release|x86
	EndGlobalSection
	GlobalSection(ProjectConfigurationPlatforms) = postSolution
		{982278D2-5BBA-4383-BAC1-E7D0DC301A37}.Debug|Any CPU.ActiveCfg = Debug|Any CPU
		{982278D2-5BBA-4383-BAC1-E7D0DC301A37}.Debug|Any CPU.Build.0 = Debug|Any CPU
		{982278D2-5BBA-4383-BAC1-E7D0DC301A37}.Debug|Mixed Platforms.ActiveCfg = Debug|Any CPU
		{982278D2-5BBA-4383-BAC1-E7D0DC301A37}.Debug|Mixed Platforms.Build.0 = Debug|Any CPU
		{982278D2-5BBA-4383-BAC1-E7D0DC301A37}.Debug|x86.ActiveCfg = Debug|Any CPU
		{982278D2-5BBA-4383-BAC1-E7D0DC301A37}.Release|Any CPU.ActiveCfg = Release|Any CPU
		{982278D2-5BBA-4383-BAC1-E7D0DC301A37}.Release|Any CPU.Build.0 = Release|Any CPU
		{982278D2-5BBA-4383-BAC1-E7D0DC301A37}.Release|Mixed Platforms.ActiveCfg = Release|Any CPU
		{982278D2-5BBA-4383-BAC1-E7D0DC301A37}.Release|Mixed Platforms.Build.0 = Release|Any CPU
		{982278D2-5BBA-4383-BAC1-E7D0DC301A37}.Release|x86.ActiveCfg = Release|Any CPU
		{83507DC8-AE31-4799-B169-149562B87C7E}.Debug|Any CPU.ActiveCfg = Debug|Any CPU
		{83507DC8-AE31-4799-B169-149562B87C7E}.Debug|Any CPU.Build.0 = Debug|Any CPU
		{83507DC8-AE31-4799-B169-149562B87C7E}.Debug|Mixed Platforms.ActiveCfg = Debug|Any CPU
		{83507DC8-AE31-4799-B169-149562B87C7E}.Debug|Mixed Platforms.Build.0 = Debug|Any CPU
		{83507DC8-AE31-4799-B169-149562B87C7E}.Debug|x86.ActiveCfg = Debug|Any CPU
		{83507DC8-AE31-4799-B169-149562B87C7E}.Release|Any CPU.ActiveCfg = Release|Any CPU
		{83507DC8-AE31-4799-B169-149562B87C7E}.Release|Any CPU.Build.0 = Release|Any CPU
		{83507DC8-AE31-4799-B169-149562B87C7E}.Release|Mixed Platforms.ActiveCfg = Release|Any CPU
		{83507DC8-AE31-4799-B169-149562B87C7E}.Release|Mixed Platforms.Build.0 = Release|Any CPU
		{83507DC8-AE31-4799-B169-149562B87C7E}.Release|x86.ActiveCfg = Release|Any CPU
		{22FD931A-820F-4EEF-BB3A-3EFFE7E6F759}.Debug|Any CPU.ActiveCfg = Debug|x86
		{22FD931A-820F-4EEF-BB3A-3EFFE7E6F759}.Debug|Mixed Platforms.ActiveCfg = Debug|x86
		{22FD931A-820F-4EEF-BB3A-3EFFE7E6F759}.Debug|Mixed Platforms.Build.0 = Debug|x86
		{22FD931A-820F-4EEF-BB3A-3EFFE7E6F759}.Debug|x86.ActiveCfg = Debug|x86
		{22FD931A-820F-4EEF-BB3A-3EFFE7E6F759}.Debug|x86.Build.0 = Debug|x86
		{22FD931A-820F-4EEF-BB3A-3EFFE7E6F759}.Release|Any CPU.ActiveCfg = Release|x86
		{22FD931A-820F-4EEF-BB3A-3EFFE7E6F759}.Release|Mixed Platforms.ActiveCfg = Release|x86
		{22FD931A-820F-4EEF-BB3A-3EFFE7E6F759}.Release|Mixed Platforms.Build.0 = Release|x86
		{22FD931A-820F-4EEF-BB3A-3EFFE7E6F759}.Release|x86.ActiveCfg = Release|x86
		{22FD931A-820F-4EEF-BB3A-3EFFE7E6F759}.Release|x86.Build.0 = Release|x86
	EndGlobalSection
	GlobalSection(SolutionProperties) = preSolution
		HideSolutionNode = FALSE
	EndGlobalSection
EndGlobal
