Microsoft Visual Studio Solution File, Format Version 12.00
# Visual Studio 2013
VisualStudioVersion = 12.0.40629.0
MinimumVisualStudioVersion = 10.0.40219.1
Project("{FAE04EC0-301F-11D3-BF4B-00C04F79EFBC}") = "Dashlane", "src\Dashlane.csproj", "{8B3D9C34-BB1C-4EF1-BB00-7098AC9C9E0F}"
EndProject
Project("{FAE04EC0-301F-11D3-BF4B-00C04F79EFBC}") = "Dashlane.Test", "test\Dashlane.Test.csproj", "{D2EFE87E-8C85-4C1D-A350-B51227852422}"
EndProject
Global
	GlobalSection(SolutionConfigurationPlatforms) = preSolution
		Debug|Any CPU = Debug|Any CPU
		Release|Any CPU = Release|Any CPU
	EndGlobalSection
	GlobalSection(ProjectConfigurationPlatforms) = postSolution
		{8B3D9C34-BB1C-4EF1-BB00-7098AC9C9E0F}.Debug|Any CPU.ActiveCfg = Debug|Any CPU
		{8B3D9C34-BB1C-4EF1-BB00-7098AC9C9E0F}.Debug|Any CPU.Build.0 = Debug|Any CPU
		{8B3D9C34-BB1C-4EF1-BB00-7098AC9C9E0F}.Release|Any CPU.ActiveCfg = Release|Any CPU
		{8B3D9C34-BB1C-4EF1-BB00-7098AC9C9E0F}.Release|Any CPU.Build.0 = Release|Any CPU
		{D2EFE87E-8C85-4C1D-A350-B51227852422}.Debug|Any CPU.ActiveCfg = Debug|Any CPU
		{D2EFE87E-8C85-4C1D-A350-B51227852422}.Debug|Any CPU.Build.0 = Debug|Any CPU
		{D2EFE87E-8C85-4C1D-A350-B51227852422}.Release|Any CPU.ActiveCfg = Release|Any CPU
		{D2EFE87E-8C85-4C1D-A350-B51227852422}.Release|Any CPU.Build.0 = Release|Any CPU
	EndGlobalSection
	GlobalSection(SolutionProperties) = preSolution
		HideSolutionNode = FALSE
	EndGlobalSection
EndGlobal
